{
    "name": "apply-git-user",
    "version": "0.0.0",
    "lockfileVersion": 3,
    "requires": true,
    "packages": {
        "": {
            "name": "apply-git-user",
            "version": "0.0.0",
            "license": "MIT",
            "dependencies": {
                "@actions/core": "^1.11.1",
                "@actions/exec": "^1.1.1"
            },
            "devDependencies": {
                "@types/node": "^24.0.0",
                "@vercel/ncc": "^0.38.4",
                "tsx": "^4.20.6",
                "typescript": "^5.9.3"
            },
            "engines": {
                "node": ">=24"
            }
        },
        "node_modules/@actions/core": {
            "version": "1.11.1",
            "resolved": "https://registry.npmjs.org/@actions/core/-/core-1.11.1.tgz",
            "integrity": "sha512-hXJCSrkwfA46Vd9Z3q4cpEpHB1rL5NG04+/rbqW9d3+CSvtB1tYe8UTpAlixa1vj0m/ULglfEK2UKxMGxCxv5A==",
            "dependencies": {
                "@actions/exec": "^1.1.1",
                "@actions/http-client": "^2.0.1"
            }
        },
        "node_modules/@actions/exec": {
            "version": "1.1.1",
            "resolved": "https://registry.npmjs.org/@actions/exec/-/exec-1.1.1.tgz",
            "integrity": "sha512-+sCcHHbVdk93a0XT19ECtO/gIXoxvdsgQLzb2fE2/5sIZmWQuluYyjPQtrtTHdU1YzTZ7bAPN4sITq2xi1679w==",
            "dependencies": {
                "@actions/io": "^1.0.1"
            }
        },
        "node_modules/@actions/http-client": {
            "version": "2.2.1",
            "resolved": "https://registry.npmjs.org/@actions/http-client/-/http-client-2.2.1.tgz",
            "integrity": "sha512-KhC/cZsq7f8I4LfZSJKgCvEwfkE8o1538VoBeoGzokVLLnbFDEAdFD3UhoMklxo2un9NJVBdANOresx7vTHlHw==",
            "dependencies": {
                "tunnel": "^0.0.6",
                "undici": "^5.25.4"
            }
        },
        "node_modules/@actions/io": {
            "version": "1.1.3",
            "resolved": "https://registry.npmjs.org/@actions/io/-/io-1.1.3.tgz",
            "integrity": "sha512-wi9JjgKLYS7U/z8PPbco+PvTb/nRWjeoFlJ1Qer83k/3C5PHQi28hiVdeE2kHXmIL99mQFawx8qt/JPjZilJ8Q=="
        },
        "node_modules/@esbuild/aix-ppc64": {
            "version": "0.25.3",
            "resolved": "https://registry.npmjs.org/@esbuild/aix-ppc64/-/aix-ppc64-0.25.3.tgz",
            "integrity": "sha512-W8bFfPA8DowP8l//sxjJLSLkD8iEjMc7cBVyP+u4cEv9sM7mdUCkgsj+t0n/BWPFtv7WWCN5Yzj0N6FJNUUqBQ==",
            "cpu": [
                "ppc64"
            ],
            "dev": true,
            "license": "MIT",
            "optional": true,
            "os": [
                "aix"
            ],
            "engines": {
                "node": ">=18"
            }
        },
        "node_modules/@esbuild/android-arm": {
            "version": "0.25.3",
            "resolved": "https://registry.npmjs.org/@esbuild/android-arm/-/android-arm-0.25.3.tgz",
            "integrity": "sha512-PuwVXbnP87Tcff5I9ngV0lmiSu40xw1At6i3GsU77U7cjDDB4s0X2cyFuBiDa1SBk9DnvWwnGvVaGBqoFWPb7A==",
            "cpu": [
                "arm"
            ],
            "dev": true,
            "license": "MIT",
            "optional": true,
            "os": [
                "android"
            ],
            "engines": {
                "node": ">=18"
            }
        },
        "node_modules/@esbuild/android-arm64": {
            "version": "0.25.3",
            "resolved": "https://registry.npmjs.org/@esbuild/android-arm64/-/android-arm64-0.25.3.tgz",
            "integrity": "sha512-XelR6MzjlZuBM4f5z2IQHK6LkK34Cvv6Rj2EntER3lwCBFdg6h2lKbtRjpTTsdEjD/WSe1q8UyPBXP1x3i/wYQ==",
            "cpu": [
                "arm64"
            ],
            "dev": true,
            "license": "MIT",
            "optional": true,
            "os": [
                "android"
            ],
            "engines": {
                "node": ">=18"
            }
        },
        "node_modules/@esbuild/android-x64": {
            "version": "0.25.3",
            "resolved": "https://registry.npmjs.org/@esbuild/android-x64/-/android-x64-0.25.3.tgz",
            "integrity": "sha512-ogtTpYHT/g1GWS/zKM0cc/tIebFjm1F9Aw1boQ2Y0eUQ+J89d0jFY//s9ei9jVIlkYi8AfOjiixcLJSGNSOAdQ==",
            "cpu": [
                "x64"
            ],
            "dev": true,
            "license": "MIT",
            "optional": true,
            "os": [
                "android"
            ],
            "engines": {
                "node": ">=18"
            }
        },
        "node_modules/@esbuild/darwin-arm64": {
            "version": "0.25.3",
            "resolved": "https://registry.npmjs.org/@esbuild/darwin-arm64/-/darwin-arm64-0.25.3.tgz",
            "integrity": "sha512-eESK5yfPNTqpAmDfFWNsOhmIOaQA59tAcF/EfYvo5/QWQCzXn5iUSOnqt3ra3UdzBv073ykTtmeLJZGt3HhA+w==",
            "cpu": [
                "arm64"
            ],
            "dev": true,
            "license": "MIT",
            "optional": true,
            "os": [
                "darwin"
            ],
            "engines": {
                "node": ">=18"
            }
        },
        "node_modules/@esbuild/darwin-x64": {
            "version": "0.25.3",
            "resolved": "https://registry.npmjs.org/@esbuild/darwin-x64/-/darwin-x64-0.25.3.tgz",
            "integrity": "sha512-Kd8glo7sIZtwOLcPbW0yLpKmBNWMANZhrC1r6K++uDR2zyzb6AeOYtI6udbtabmQpFaxJ8uduXMAo1gs5ozz8A==",
            "cpu": [
                "x64"
            ],
            "dev": true,
            "license": "MIT",
            "optional": true,
            "os": [
                "darwin"
            ],
            "engines": {
                "node": ">=18"
            }
        },
        "node_modules/@esbuild/freebsd-arm64": {
            "version": "0.25.3",
            "resolved": "https://registry.npmjs.org/@esbuild/freebsd-arm64/-/freebsd-arm64-0.25.3.tgz",
            "integrity": "sha512-EJiyS70BYybOBpJth3M0KLOus0n+RRMKTYzhYhFeMwp7e/RaajXvP+BWlmEXNk6uk+KAu46j/kaQzr6au+JcIw==",
            "cpu": [
                "arm64"
            ],
            "dev": true,
            "license": "MIT",
            "optional": true,
            "os": [
                "freebsd"
            ],
            "engines": {
                "node": ">=18"
            }
        },
        "node_modules/@esbuild/freebsd-x64": {
            "version": "0.25.3",
            "resolved": "https://registry.npmjs.org/@esbuild/freebsd-x64/-/freebsd-x64-0.25.3.tgz",
            "integrity": "sha512-Q+wSjaLpGxYf7zC0kL0nDlhsfuFkoN+EXrx2KSB33RhinWzejOd6AvgmP5JbkgXKmjhmpfgKZq24pneodYqE8Q==",
            "cpu": [
                "x64"
            ],
            "dev": true,
            "license": "MIT",
            "optional": true,
            "os": [
                "freebsd"
            ],
            "engines": {
                "node": ">=18"
            }
        },
        "node_modules/@esbuild/linux-arm": {
            "version": "0.25.3",
            "resolved": "https://registry.npmjs.org/@esbuild/linux-arm/-/linux-arm-0.25.3.tgz",
            "integrity": "sha512-dUOVmAUzuHy2ZOKIHIKHCm58HKzFqd+puLaS424h6I85GlSDRZIA5ycBixb3mFgM0Jdh+ZOSB6KptX30DD8YOQ==",
            "cpu": [
                "arm"
            ],
            "dev": true,
            "license": "MIT",
            "optional": true,
            "os": [
                "linux"
            ],
            "engines": {
                "node": ">=18"
            }
        },
        "node_modules/@esbuild/linux-arm64": {
            "version": "0.25.3",
            "resolved": "https://registry.npmjs.org/@esbuild/linux-arm64/-/linux-arm64-0.25.3.tgz",
            "integrity": "sha512-xCUgnNYhRD5bb1C1nqrDV1PfkwgbswTTBRbAd8aH5PhYzikdf/ddtsYyMXFfGSsb/6t6QaPSzxtbfAZr9uox4A==",
            "cpu": [
                "arm64"
            ],
            "dev": true,
            "license": "MIT",
            "optional": true,
            "os": [
                "linux"
            ],
            "engines": {
                "node": ">=18"
            }
        },
        "node_modules/@esbuild/linux-ia32": {
            "version": "0.25.3",
            "resolved": "https://registry.npmjs.org/@esbuild/linux-ia32/-/linux-ia32-0.25.3.tgz",
            "integrity": "sha512-yplPOpczHOO4jTYKmuYuANI3WhvIPSVANGcNUeMlxH4twz/TeXuzEP41tGKNGWJjuMhotpGabeFYGAOU2ummBw==",
            "cpu": [
                "ia32"
            ],
            "dev": true,
            "license": "MIT",
            "optional": true,
            "os": [
                "linux"
            ],
            "engines": {
                "node": ">=18"
            }
        },
        "node_modules/@esbuild/linux-loong64": {
            "version": "0.25.3",
            "resolved": "https://registry.npmjs.org/@esbuild/linux-loong64/-/linux-loong64-0.25.3.tgz",
            "integrity": "sha512-P4BLP5/fjyihmXCELRGrLd793q/lBtKMQl8ARGpDxgzgIKJDRJ/u4r1A/HgpBpKpKZelGct2PGI4T+axcedf6g==",
            "cpu": [
                "loong64"
            ],
            "dev": true,
            "license": "MIT",
            "optional": true,
            "os": [
                "linux"
            ],
            "engines": {
                "node": ">=18"
            }
        },
        "node_modules/@esbuild/linux-mips64el": {
            "version": "0.25.3",
            "resolved": "https://registry.npmjs.org/@esbuild/linux-mips64el/-/linux-mips64el-0.25.3.tgz",
            "integrity": "sha512-eRAOV2ODpu6P5divMEMa26RRqb2yUoYsuQQOuFUexUoQndm4MdpXXDBbUoKIc0iPa4aCO7gIhtnYomkn2x+bag==",
            "cpu": [
                "mips64el"
            ],
            "dev": true,
            "license": "MIT",
            "optional": true,
            "os": [
                "linux"
            ],
            "engines": {
                "node": ">=18"
            }
        },
        "node_modules/@esbuild/linux-ppc64": {
            "version": "0.25.3",
            "resolved": "https://registry.npmjs.org/@esbuild/linux-ppc64/-/linux-ppc64-0.25.3.tgz",
            "integrity": "sha512-ZC4jV2p7VbzTlnl8nZKLcBkfzIf4Yad1SJM4ZMKYnJqZFD4rTI+pBG65u8ev4jk3/MPwY9DvGn50wi3uhdaghg==",
            "cpu": [
                "ppc64"
            ],
            "dev": true,
            "license": "MIT",
            "optional": true,
            "os": [
                "linux"
            ],
            "engines": {
                "node": ">=18"
            }
        },
        "node_modules/@esbuild/linux-riscv64": {
            "version": "0.25.3",
            "resolved": "https://registry.npmjs.org/@esbuild/linux-riscv64/-/linux-riscv64-0.25.3.tgz",
            "integrity": "sha512-LDDODcFzNtECTrUUbVCs6j9/bDVqy7DDRsuIXJg6so+mFksgwG7ZVnTruYi5V+z3eE5y+BJZw7VvUadkbfg7QA==",
            "cpu": [
                "riscv64"
            ],
            "dev": true,
            "license": "MIT",
            "optional": true,
            "os": [
                "linux"
            ],
            "engines": {
                "node": ">=18"
            }
        },
        "node_modules/@esbuild/linux-s390x": {
            "version": "0.25.3",
            "resolved": "https://registry.npmjs.org/@esbuild/linux-s390x/-/linux-s390x-0.25.3.tgz",
            "integrity": "sha512-s+w/NOY2k0yC2p9SLen+ymflgcpRkvwwa02fqmAwhBRI3SC12uiS10edHHXlVWwfAagYSY5UpmT/zISXPMW3tQ==",
            "cpu": [
                "s390x"
            ],
            "dev": true,
            "license": "MIT",
            "optional": true,
            "os": [
                "linux"
            ],
            "engines": {
                "node": ">=18"
            }
        },
        "node_modules/@esbuild/linux-x64": {
            "version": "0.25.3",
            "resolved": "https://registry.npmjs.org/@esbuild/linux-x64/-/linux-x64-0.25.3.tgz",
            "integrity": "sha512-nQHDz4pXjSDC6UfOE1Fw9Q8d6GCAd9KdvMZpfVGWSJztYCarRgSDfOVBY5xwhQXseiyxapkiSJi/5/ja8mRFFA==",
            "cpu": [
                "x64"
            ],
            "dev": true,
            "license": "MIT",
            "optional": true,
            "os": [
                "linux"
            ],
            "engines": {
                "node": ">=18"
            }
        },
        "node_modules/@esbuild/netbsd-arm64": {
            "version": "0.25.3",
            "resolved": "https://registry.npmjs.org/@esbuild/netbsd-arm64/-/netbsd-arm64-0.25.3.tgz",
            "integrity": "sha512-1QaLtOWq0mzK6tzzp0jRN3eccmN3hezey7mhLnzC6oNlJoUJz4nym5ZD7mDnS/LZQgkrhEbEiTn515lPeLpgWA==",
            "cpu": [
                "arm64"
            ],
            "dev": true,
            "license": "MIT",
            "optional": true,
            "os": [
                "netbsd"
            ],
            "engines": {
                "node": ">=18"
            }
        },
        "node_modules/@esbuild/netbsd-x64": {
            "version": "0.25.3",
            "resolved": "https://registry.npmjs.org/@esbuild/netbsd-x64/-/netbsd-x64-0.25.3.tgz",
            "integrity": "sha512-i5Hm68HXHdgv8wkrt+10Bc50zM0/eonPb/a/OFVfB6Qvpiirco5gBA5bz7S2SHuU+Y4LWn/zehzNX14Sp4r27g==",
            "cpu": [
                "x64"
            ],
            "dev": true,
            "license": "MIT",
            "optional": true,
            "os": [
                "netbsd"
            ],
            "engines": {
                "node": ">=18"
            }
        },
        "node_modules/@esbuild/openbsd-arm64": {
            "version": "0.25.3",
            "resolved": "https://registry.npmjs.org/@esbuild/openbsd-arm64/-/openbsd-arm64-0.25.3.tgz",
            "integrity": "sha512-zGAVApJEYTbOC6H/3QBr2mq3upG/LBEXr85/pTtKiv2IXcgKV0RT0QA/hSXZqSvLEpXeIxah7LczB4lkiYhTAQ==",
            "cpu": [
                "arm64"
            ],
            "dev": true,
            "license": "MIT",
            "optional": true,
            "os": [
                "openbsd"
            ],
            "engines": {
                "node": ">=18"
            }
        },
        "node_modules/@esbuild/openbsd-x64": {
            "version": "0.25.3",
            "resolved": "https://registry.npmjs.org/@esbuild/openbsd-x64/-/openbsd-x64-0.25.3.tgz",
            "integrity": "sha512-fpqctI45NnCIDKBH5AXQBsD0NDPbEFczK98hk/aa6HJxbl+UtLkJV2+Bvy5hLSLk3LHmqt0NTkKNso1A9y1a4w==",
            "cpu": [
                "x64"
            ],
            "dev": true,
            "license": "MIT",
            "optional": true,
            "os": [
                "openbsd"
            ],
            "engines": {
                "node": ">=18"
            }
        },
        "node_modules/@esbuild/sunos-x64": {
            "version": "0.25.3",
            "resolved": "https://registry.npmjs.org/@esbuild/sunos-x64/-/sunos-x64-0.25.3.tgz",
            "integrity": "sha512-ROJhm7d8bk9dMCUZjkS8fgzsPAZEjtRJqCAmVgB0gMrvG7hfmPmz9k1rwO4jSiblFjYmNvbECL9uhaPzONMfgA==",
            "cpu": [
                "x64"
            ],
            "dev": true,
            "license": "MIT",
            "optional": true,
            "os": [
                "sunos"
            ],
            "engines": {
                "node": ">=18"
            }
        },
        "node_modules/@esbuild/win32-arm64": {
            "version": "0.25.3",
            "resolved": "https://registry.npmjs.org/@esbuild/win32-arm64/-/win32-arm64-0.25.3.tgz",
            "integrity": "sha512-YWcow8peiHpNBiIXHwaswPnAXLsLVygFwCB3A7Bh5jRkIBFWHGmNQ48AlX4xDvQNoMZlPYzjVOQDYEzWCqufMQ==",
            "cpu": [
                "arm64"
            ],
            "dev": true,
            "license": "MIT",
            "optional": true,
            "os": [
                "win32"
            ],
            "engines": {
                "node": ">=18"
            }
        },
        "node_modules/@esbuild/win32-ia32": {
            "version": "0.25.3",
            "resolved": "https://registry.npmjs.org/@esbuild/win32-ia32/-/win32-ia32-0.25.3.tgz",
            "integrity": "sha512-qspTZOIGoXVS4DpNqUYUs9UxVb04khS1Degaw/MnfMe7goQ3lTfQ13Vw4qY/Nj0979BGvMRpAYbs/BAxEvU8ew==",
            "cpu": [
                "ia32"
            ],
            "dev": true,
            "license": "MIT",
            "optional": true,
            "os": [
                "win32"
            ],
            "engines": {
                "node": ">=18"
            }
        },
        "node_modules/@esbuild/win32-x64": {
            "version": "0.25.3",
            "resolved": "https://registry.npmjs.org/@esbuild/win32-x64/-/win32-x64-0.25.3.tgz",
            "integrity": "sha512-ICgUR+kPimx0vvRzf+N/7L7tVSQeE3BYY+NhHRHXS1kBuPO7z2+7ea2HbhDyZdTephgvNvKrlDDKUexuCVBVvg==",
            "cpu": [
                "x64"
            ],
            "dev": true,
            "license": "MIT",
            "optional": true,
            "os": [
                "win32"
            ],
            "engines": {
                "node": ">=18"
            }
        },
        "node_modules/@fastify/busboy": {
            "version": "2.1.1",
            "resolved": "https://registry.npmjs.org/@fastify/busboy/-/busboy-2.1.1.tgz",
            "integrity": "sha512-vBZP4NlzfOlerQTnba4aqZoMhE/a9HY7HRqoOPaETQcSQuWEIyZMHGfVu6w9wGtGK5fED5qRs2DteVCjOH60sA==",
            "engines": {
                "node": ">=14"
            }
        },
        "node_modules/@types/node": {
            "version": "24.3.0",
            "resolved": "https://registry.npmjs.org/@types/node/-/node-24.3.0.tgz",
            "integrity": "sha512-aPTXCrfwnDLj4VvXrm+UUCQjNEvJgNA8s5F1cvwQU+3KNltTOkBm1j30uNLyqqPNe7gE3KFzImYoZEfLhp4Yow==",
            "dev": true,
            "license": "MIT",
            "dependencies": {
                "undici-types": "~7.10.0"
            }
        },
        "node_modules/@vercel/ncc": {
            "version": "0.38.4",
            "resolved": "https://registry.npmjs.org/@vercel/ncc/-/ncc-0.38.4.tgz",
            "integrity": "sha512-8LwjnlP39s08C08J5NstzriPvW1SP8Zfpp1BvC2sI35kPeZnHfxVkCwu4/+Wodgnd60UtT1n8K8zw+Mp7J9JmQ==",
            "dev": true,
            "license": "MIT",
            "bin": {
                "ncc": "dist/ncc/cli.js"
            }
        },
        "node_modules/esbuild": {
            "version": "0.25.3",
            "resolved": "https://registry.npmjs.org/esbuild/-/esbuild-0.25.3.tgz",
            "integrity": "sha512-qKA6Pvai73+M2FtftpNKRxJ78GIjmFXFxd/1DVBqGo/qNhLSfv+G12n9pNoWdytJC8U00TrViOwpjT0zgqQS8Q==",
            "dev": true,
            "hasInstallScript": true,
            "license": "MIT",
            "bin": {
                "esbuild": "bin/esbuild"
            },
            "engines": {
                "node": ">=18"
            },
            "optionalDependencies": {
                "@esbuild/aix-ppc64": "0.25.3",
                "@esbuild/android-arm": "0.25.3",
                "@esbuild/android-arm64": "0.25.3",
                "@esbuild/android-x64": "0.25.3",
                "@esbuild/darwin-arm64": "0.25.3",
                "@esbuild/darwin-x64": "0.25.3",
                "@esbuild/freebsd-arm64": "0.25.3",
                "@esbuild/freebsd-x64": "0.25.3",
                "@esbuild/linux-arm": "0.25.3",
                "@esbuild/linux-arm64": "0.25.3",
                "@esbuild/linux-ia32": "0.25.3",
                "@esbuild/linux-loong64": "0.25.3",
                "@esbuild/linux-mips64el": "0.25.3",
                "@esbuild/linux-ppc64": "0.25.3",
                "@esbuild/linux-riscv64": "0.25.3",
                "@esbuild/linux-s390x": "0.25.3",
                "@esbuild/linux-x64": "0.25.3",
                "@esbuild/netbsd-arm64": "0.25.3",
                "@esbuild/netbsd-x64": "0.25.3",
                "@esbuild/openbsd-arm64": "0.25.3",
                "@esbuild/openbsd-x64": "0.25.3",
                "@esbuild/sunos-x64": "0.25.3",
                "@esbuild/win32-arm64": "0.25.3",
                "@esbuild/win32-ia32": "0.25.3",
                "@esbuild/win32-x64": "0.25.3"
            }
        },
        "node_modules/fsevents": {
            "version": "2.3.3",
            "resolved": "https://registry.npmjs.org/fsevents/-/fsevents-2.3.3.tgz",
            "integrity": "sha512-5xoDfX+fL7faATnagmWPpbFtwh/R77WmMMqqHGS65C3vvB0YHrgF+B1YmZ3441tMj5n63k0212XNoJwzlhffQw==",
            "dev": true,
            "hasInstallScript": true,
            "optional": true,
            "os": [
                "darwin"
            ],
            "engines": {
                "node": "^8.16.0 || ^10.6.0 || >=11.0.0"
            }
        },
        "node_modules/get-tsconfig": {
            "version": "4.7.5",
            "resolved": "https://registry.npmjs.org/get-tsconfig/-/get-tsconfig-4.7.5.tgz",
            "integrity": "sha512-ZCuZCnlqNzjb4QprAzXKdpp/gh6KTxSJuw3IBsPnV/7fV4NxC9ckB+vPTt8w7fJA0TaSD7c55BR47JD6MEDyDw==",
            "dev": true,
            "dependencies": {
                "resolve-pkg-maps": "^1.0.0"
            },
            "funding": {
                "url": "https://github.com/privatenumber/get-tsconfig?sponsor=1"
            }
        },
        "node_modules/resolve-pkg-maps": {
            "version": "1.0.0",
            "resolved": "https://registry.npmjs.org/resolve-pkg-maps/-/resolve-pkg-maps-1.0.0.tgz",
            "integrity": "sha512-seS2Tj26TBVOC2NIc2rOe2y2ZO7efxITtLZcGSOnHHNOQ7CkiUBfw0Iw2ck6xkIhPwLhKNLS8BO+hEpngQlqzw==",
            "dev": true,
            "funding": {
                "url": "https://github.com/privatenumber/resolve-pkg-maps?sponsor=1"
            }
        },
        "node_modules/tsx": {
            "version": "4.20.6",
            "resolved": "https://registry.npmjs.org/tsx/-/tsx-4.20.6.tgz",
            "integrity": "sha512-ytQKuwgmrrkDTFP4LjR0ToE2nqgy886GpvRSpU0JAnrdBYppuY5rLkRUYPU1yCryb24SsKBTL/hlDQAEFVwtZg==",
            "dev": true,
            "license": "MIT",
            "dependencies": {
                "esbuild": "~0.25.0",
                "get-tsconfig": "^4.7.5"
            },
            "bin": {
                "tsx": "dist/cli.mjs"
            },
            "engines": {
                "node": ">=18.0.0"
            },
            "optionalDependencies": {
                "fsevents": "~2.3.3"
            }
        },
        "node_modules/tunnel": {
            "version": "0.0.6",
            "resolved": "https://registry.npmjs.org/tunnel/-/tunnel-0.0.6.tgz",
            "integrity": "sha512-1h/Lnq9yajKY2PEbBadPXj3VxsDDu844OnaAo52UVmIzIvwwtBPIuNvkjuzBlTWpfJyUbG3ez0KSBibQkj4ojg==",
            "engines": {
                "node": ">=0.6.11 <=0.7.0 || >=0.7.3"
            }
        },
        "node_modules/typescript": {
            "version": "5.9.3",
            "resolved": "https://registry.npmjs.org/typescript/-/typescript-5.9.3.tgz",
            "integrity": "sha512-jl1vZzPDinLr9eUt3J/t7V6FgNEw9QjvBPdysz9KfQDD41fQrC2Y4vKQdiaUpFT4bXlb1RHhLpp8wtm6M5TgSw==",
            "dev": true,
            "license": "Apache-2.0",
            "bin": {
                "tsc": "bin/tsc",
                "tsserver": "bin/tsserver"
            },
            "engines": {
                "node": ">=14.17"
            }
        },
        "node_modules/undici": {
            "version": "5.29.0",
            "resolved": "https://registry.npmjs.org/undici/-/undici-5.29.0.tgz",
            "integrity": "sha512-raqeBD6NQK4SkWhQzeYKd1KmIG6dllBOTt55Rmkt4HtI9mwdWtJljnrXjAFUBLTSN67HWrOIZ3EPF4kjUw80Bg==",
            "license": "MIT",
            "dependencies": {
                "@fastify/busboy": "^2.0.0"
            },
            "engines": {
                "node": ">=14.0"
            }
        },
        "node_modules/undici-types": {
            "version": "7.10.0",
            "resolved": "https://registry.npmjs.org/undici-types/-/undici-types-7.10.0.tgz",
            "integrity": "sha512-t5Fy/nfn+14LuOc2KNYg75vZqClpAiqscVvMygNnlsHBFpSXdJaYtXMcdNLpl/Qvc3P2cB3s6lOV51nqsFq4ag==",
            "dev": true,
            "license": "MIT"
        }
    }
}
